
Microsoft Visual Studio Solution File, Format Version 12.00
# Visual Studio Version 17
VisualStudioVersion = 17.14.36705.20
MinimumVisualStudioVersion = 10.0.40219.1
Project("{FAE04EC0-301F-11D3-BF4B-00C04F79EFBC}") = "HR_ADMIN_PORTAL", "HR_ADMIN_PORTAL.csproj", "{58A6283E-3E15-4C56-BE72-FB4E5B820074}"
EndProject
Global
	GlobalSection(SolutionConfigurationPlatforms) = preSolution
		Debug|Any CPU = Debug|Any CPU
		Debug|x64 = Debug|x64
		Debug|x86 = Debug|x86
		Release|Any CPU = Release|Any CPU
		Release|x64 = Release|x64
		Release|x86 = Release|x86
	EndGlobalSection
	GlobalSection(ProjectConfigurationPlatforms) = postSolution
		{58A6283E-3E15-4C56-BE72-FB4E5B820074}.Debug|Any CPU.ActiveCfg = Debug|Any CPU
		{58A6283E-3E15-4C56-BE72-FB4E5B820074}.Debug|Any CPU.Build.0 = Debug|Any CPU
		{58A6283E-3E15-4C56-BE72-FB4E5B820074}.Debug|x64.ActiveCfg = Debug|Any CPU
		{58A6283E-3E15-4C56-BE72-FB4E5B820074}.Debug|x64.Build.0 = Debug|Any CPU
		{58A6283E-3E15-4C56-BE72-FB4E5B820074}.Debug|x86.ActiveCfg = Debug|Any CPU
		{58A6283E-3E15-4C56-BE72-FB4E5B820074}.Debug|x86.Build.0 = Debug|Any CPU
		{58A6283E-3E15-4C56-BE72-FB4E5B820074}.Release|Any CPU.ActiveCfg = Release|Any CPU
		{58A6283E-3E15-4C56-BE72-FB4E5B820074}.Release|Any CPU.Build.0 = Release|Any CPU
		{58A6283E-3E15-4C56-BE72-FB4E5B820074}.Release|x64.ActiveCfg = Release|Any CPU
		{58A6283E-3E15-4C56-BE72-FB4E5B820074}.Release|x64.Build.0 = Release|Any CPU
		{58A6283E-3E15-4C56-BE72-FB4E5B820074}.Release|x86.ActiveCfg = Release|Any CPU
		{58A6283E-3E15-4C56-BE72-FB4E5B820074}.Release|x86.Build.0 = Release|Any CPU
	EndGlobalSection
	GlobalSection(SolutionProperties) = preSolution
		HideSolutionNode = FALSE
	EndGlobalSection
	GlobalSection(ExtensibilityGlobals) = postSolution
		SolutionGuid = {FAF62ABB-BD1F-4554-AE13-27D0986B5E79}
	EndGlobalSection
EndGlobal
